
Microsoft Visual Studio Solution File, Format Version 12.00
# Visual Studio Version 17
VisualStudioVersion = 17.5.002.0
MinimumVisualStudioVersion = 10.0.40219.1
Project("{9A19103F-16F7-4668-BE54-9A1E7A4F7556}") = "BlazorWpf1", "BlazorWpf1.csproj", "{D2F5FCF1-6ADD-4FFF-B51E-45736903E6A7}"
EndProject
Global
	GlobalSection(SolutionConfigurationPlatforms) = preSolution
		Debug|Any CPU = Debug|Any CPU
		Release|Any CPU = Release|Any CPU
	EndGlobalSection
	GlobalSection(ProjectConfigurationPlatforms) = postSolution
		{D2F5FCF1-6ADD-4FFF-B51E-45736903E6A7}.Debug|Any CPU.ActiveCfg = Debug|Any CPU
		{D2F5FCF1-6ADD-4FFF-B51E-45736903E6A7}.Debug|Any CPU.Build.0 = Debug|Any CPU
		{D2F5FCF1-6ADD-4FFF-B51E-45736903E6A7}.Release|Any CPU.ActiveCfg = Release|Any CPU
		{D2F5FCF1-6ADD-4FFF-B51E-45736903E6A7}.Release|Any CPU.Build.0 = Release|Any CPU
	EndGlobalSection
	GlobalSection(SolutionProperties) = preSolution
		HideSolutionNode = FALSE
	EndGlobalSection
	GlobalSection(ExtensibilityGlobals) = postSolution
		SolutionGuid = {BEB9DF6B-8E6E-47B2-84F5-36729866C57E}
	EndGlobalSection
EndGlobal
